PODS:
  - ARNTransitionAnimator (3.2.0)

DEPENDENCIES:
  - ARNTransitionAnimator

SPEC REPOS:
  https://github.com/cocoapods/specs.git:
    - ARNTransitionAnimator

SPEC CHECKSUMS:
  ARNTransitionAnimator: 6fea1fe318b251abfd3cbd06d91215deb374ae40

PODFILE CHECKSUM: 4e70a0b11f1b0725427e1439d56cebb15e5c4e27

COCOAPODS: 1.7.3
